
Microsoft Visual Studio Solution File, Format Version 12.00
# Visual Studio Version 16
VisualStudioVersion = 16.0.30717.126
MinimumVisualStudioVersion = 10.0.40219.1
Project("{9A19103F-16F7-4668-BE54-9A1E7A4F7556}") = "AdventOfCode2020.Library", "AdventOfCode2020.Library\AdventOfCode2020.Library.csproj", "{2213E36B-6EB0-45F3-85D7-34EB6390DA3F}"
EndProject
Project("{9A19103F-16F7-4668-BE54-9A1E7A4F7556}") = "Day01", "Day01\Day01.csproj", "{041E2E8D-38F4-4BD4-97A9-AFA50DE542B4}"
EndProject
Project("{9A19103F-16F7-4668-BE54-9A1E7A4F7556}") = "Day02", "Day02\Day02.csproj", "{8555EAF2-A1AA-474A-A8DE-9656B883E1D1}"
EndProject
Project("{9A19103F-16F7-4668-BE54-9A1E7A4F7556}") = "Day03", "Day03\Day03.csproj", "{0519B798-04C9-4CA4-8608-4A0D116C296B}"
EndProject
Project("{2150E333-8FDC-42A3-9474-1A3956D46DE8}") = "Solution Items", "Solution Items", "{F31D98B5-A8E6-48F1-9810-78796F10EE49}"
	ProjectSection(SolutionItems) = preProject
		.gitignore = .gitignore
		README.md = README.md
	EndProjectSection
EndProject
Project("{9A19103F-16F7-4668-BE54-9A1E7A4F7556}") = "Day04", "Day04\Day04.csproj", "{5E964F77-0732-4AC8-A035-135370FB5BDC}"
EndProject
Project("{9A19103F-16F7-4668-BE54-9A1E7A4F7556}") = "Day05", "Day05\Day05.csproj", "{7E9D4282-240D-4C82-9A60-8F39312C6911}"
EndProject
Project("{9A19103F-16F7-4668-BE54-9A1E7A4F7556}") = "Day06", "Day06\Day06.csproj", "{2A207968-58DE-4B33-B898-AEDBA634B490}"
EndProject
Project("{9A19103F-16F7-4668-BE54-9A1E7A4F7556}") = "Day07", "Day07\Day07.csproj", "{40C9CD91-7BAB-4166-A217-F8577E90F0F8}"
EndProject
Project("{9A19103F-16F7-4668-BE54-9A1E7A4F7556}") = "Day08", "Day08\Day08.csproj", "{16AC5DE1-AEB6-4C22-AE74-1F2A66557337}"
EndProject
Project("{FAE04EC0-301F-11D3-BF4B-00C04F79EFBC}") = "Day09", "Day09\Day09.csproj", "{3D18F19F-1EA4-4722-A2C5-1B442F9C9302}"
EndProject
Global
	GlobalSection(SolutionConfigurationPlatforms) = preSolution
		Debug|Any CPU = Debug|Any CPU
		Release|Any CPU = Release|Any CPU
	EndGlobalSection
	GlobalSection(ProjectConfigurationPlatforms) = postSolution
		{2213E36B-6EB0-45F3-85D7-34EB6390DA3F}.Debug|Any CPU.ActiveCfg = Debug|Any CPU
		{2213E36B-6EB0-45F3-85D7-34EB6390DA3F}.Debug|Any CPU.Build.0 = Debug|Any CPU
		{2213E36B-6EB0-45F3-85D7-34EB6390DA3F}.Release|Any CPU.ActiveCfg = Release|Any CPU
		{2213E36B-6EB0-45F3-85D7-34EB6390DA3F}.Release|Any CPU.Build.0 = Release|Any CPU
		{041E2E8D-38F4-4BD4-97A9-AFA50DE542B4}.Debug|Any CPU.ActiveCfg = Debug|Any CPU
		{041E2E8D-38F4-4BD4-97A9-AFA50DE542B4}.Debug|Any CPU.Build.0 = Debug|Any CPU
		{041E2E8D-38F4-4BD4-97A9-AFA50DE542B4}.Release|Any CPU.ActiveCfg = Release|Any CPU
		{041E2E8D-38F4-4BD4-97A9-AFA50DE542B4}.Release|Any CPU.Build.0 = Release|Any CPU
		{8555EAF2-A1AA-474A-A8DE-9656B883E1D1}.Debug|Any CPU.ActiveCfg = Debug|Any CPU
		{8555EAF2-A1AA-474A-A8DE-9656B883E1D1}.Debug|Any CPU.Build.0 = Debug|Any CPU
		{8555EAF2-A1AA-474A-A8DE-9656B883E1D1}.Release|Any CPU.ActiveCfg = Release|Any CPU
		{8555EAF2-A1AA-474A-A8DE-9656B883E1D1}.Release|Any CPU.Build.0 = Release|Any CPU
		{0519B798-04C9-4CA4-8608-4A0D116C296B}.Debug|Any CPU.ActiveCfg = Debug|Any CPU
		{0519B798-04C9-4CA4-8608-4A0D116C296B}.Debug|Any CPU.Build.0 = Debug|Any CPU
		{0519B798-04C9-4CA4-8608-4A0D116C296B}.Release|Any CPU.ActiveCfg = Release|Any CPU
		{0519B798-04C9-4CA4-8608-4A0D116C296B}.Release|Any CPU.Build.0 = Release|Any CPU
		{5E964F77-0732-4AC8-A035-135370FB5BDC}.Debug|Any CPU.ActiveCfg = Debug|Any CPU
		{5E964F77-0732-4AC8-A035-135370FB5BDC}.Debug|Any CPU.Build.0 = Debug|Any CPU
		{5E964F77-0732-4AC8-A035-135370FB5BDC}.Release|Any CPU.ActiveCfg = Release|Any CPU
		{5E964F77-0732-4AC8-A035-135370FB5BDC}.Release|Any CPU.Build.0 = Release|Any CPU
		{7E9D4282-240D-4C82-9A60-8F39312C6911}.Debug|Any CPU.ActiveCfg = Debug|Any CPU
		{7E9D4282-240D-4C82-9A60-8F39312C6911}.Debug|Any CPU.Build.0 = Debug|Any CPU
		{7E9D4282-240D-4C82-9A60-8F39312C6911}.Release|Any CPU.ActiveCfg = Release|Any CPU
		{7E9D4282-240D-4C82-9A60-8F39312C6911}.Release|Any CPU.Build.0 = Release|Any CPU
		{2A207968-58DE-4B33-B898-AEDBA634B490}.Debug|Any CPU.ActiveCfg = Debug|Any CPU
		{2A207968-58DE-4B33-B898-AEDBA634B490}.Debug|Any CPU.Build.0 = Debug|Any CPU
		{2A207968-58DE-4B33-B898-AEDBA634B490}.Release|Any CPU.ActiveCfg = Release|Any CPU
		{2A207968-58DE-4B33-B898-AEDBA634B490}.Release|Any CPU.Build.0 = Release|Any CPU
		{40C9CD91-7BAB-4166-A217-F8577E90F0F8}.Debug|Any CPU.ActiveCfg = Debug|Any CPU
		{40C9CD91-7BAB-4166-A217-F8577E90F0F8}.Debug|Any CPU.Build.0 = Debug|Any CPU
		{40C9CD91-7BAB-4166-A217-F8577E90F0F8}.Release|Any CPU.ActiveCfg = Release|Any CPU
		{40C9CD91-7BAB-4166-A217-F8577E90F0F8}.Release|Any CPU.Build.0 = Release|Any CPU
		{16AC5DE1-AEB6-4C22-AE74-1F2A66557337}.Debug|Any CPU.ActiveCfg = Debug|Any CPU
		{16AC5DE1-AEB6-4C22-AE74-1F2A66557337}.Debug|Any CPU.Build.0 = Debug|Any CPU
		{16AC5DE1-AEB6-4C22-AE74-1F2A66557337}.Release|Any CPU.ActiveCfg = Release|Any CPU
		{16AC5DE1-AEB6-4C22-AE74-1F2A66557337}.Release|Any CPU.Build.0 = Release|Any CPU
		{3D18F19F-1EA4-4722-A2C5-1B442F9C9302}.Debug|Any CPU.ActiveCfg = Debug|Any CPU
		{3D18F19F-1EA4-4722-A2C5-1B442F9C9302}.Debug|Any CPU.Build.0 = Debug|Any CPU
		{3D18F19F-1EA4-4722-A2C5-1B442F9C9302}.Release|Any CPU.ActiveCfg = Release|Any CPU
		{3D18F19F-1EA4-4722-A2C5-1B442F9C9302}.Release|Any CPU.Build.0 = Release|Any CPU
	EndGlobalSection
	GlobalSection(SolutionProperties) = preSolution
		HideSolutionNode = FALSE
	EndGlobalSection
	GlobalSection(ExtensibilityGlobals) = postSolution
		SolutionGuid = {2BA73C8A-4BD4-45D4-92B2-9FDB9FEB0F32}
	EndGlobalSection
EndGlobal
